{
  "name": "plantuml",
  "version": "1.0.0",
  "lockfileVersion": 3,
  "requires": true,
  "packages": {
    "": {
      "name": "plantuml",
      "version": "1.0.0",
      "license": "ISC",
      "dependencies": {
        "puml": "^1.0.1"
      }
    },
    "node_modules/puml": {
      "version": "1.0.1",
      "resolved": "https://registry.npmjs.org/puml/-/puml-1.0.1.tgz",
      "integrity": "sha512-vBYxOfNOouAAALKMl1bCMGXXN4/e46XitPsfxjOcBdfEpBLaaIl2BuVsap7SXrbmXyIDOWz9GQ/RvcYYIE2RoQ==",
      "bin": {
        "puml": "src/puml.js"
      },
      "engines": {
        "node": ">=6.0.0"
      }
    }
  }
}
